// !$*UTF8*$!
{
	archiveVersion = 1;
	classes = {
	};
	objectVersion = 77;
	objects = {

/* Begin PBXBuildFile section */
		5A701BE73023EB010021BE23 /* WidgetKit.framework in Frameworks */ = {isa = PBXBuildFile; fileRef = 5A701BE63023EB010021BE23 /* WidgetKit.framework */; };
		5A701BE93023EB010021BE23 /* SwiftUI.framework in Frameworks */ = {isa = PBXBuildFile; fileRef = 5A701BE83023EB010021BE23 /* SwiftUI.framework */; };
		5A701BF63023EB020021BE23 /* TowerMinerWidgetExtension.appex in Embed Foundation Extensions */ = {isa = PBXBuildFile; fileRef = 5A701BE43023EB010021BE23 /* TowerMinerWidgetExtension.appex */; settings = {ATTRIBUTES = (RemoveHeadersOnCopy, ); }; };
/* End PBXBuildFile section */

/* Begin PBXContainerItemProxy section */
		5A373FF92FAC2C60000F55C2 /* PBXContainerItemProxy */ = {
			isa = PBXContainerItemProxy;
			containerPortal = 5A373FE12FAC2C5F000F55C2 /* Project object */;
			proxyType = 1;
			remoteGlobalIDString = 5A373FE82FAC2C5F000F55C2;
			remoteInfo = TowerMiner;
		};
		5A3740032FAC2C60000F55C2 /* PBXContainerItemProxy */ = {
			isa = PBXContainerItemProxy;
			containerPortal = 5A373FE12FAC2C5F000F55C2 /* Project object */;
			proxyType = 1;
			remoteGlobalIDString = 5A373FE82FAC2C5F000F55C2;
			remoteInfo = TowerMiner;
		};
		5A701BF43023EB020021BE23 /* PBXContainerItemProxy */ = {
			isa = PBXContainerItemProxy;
			containerPortal = 5A373FE12FAC2C5F000F55C2 /* Project object */;
			proxyType = 1;
			remoteGlobalIDString = 5A701BE33023EB010021BE23;
			remoteInfo = TowerMinerWidgetExtension;
		};
/* End PBXContainerItemProxy section */

/* Begin PBXCopyFilesBuildPhase section */
		5A701BF73023EB020021BE23 /* Embed Foundation Extensions */ = {
			isa = PBXCopyFilesBuildPhase;
			buildActionMask = 2147483647;
			dstPath = "";
			dstSubfolderSpec = 13;
			files = (
				5A701BF63023EB020021BE23 /* TowerMinerWidgetExtension.appex in Embed Foundation Extensions */,
			);
			name = "Embed Foundation Extensions";
			runOnlyForDeploymentPostprocessing = 0;
		};
/* End PBXCopyFilesBuildPhase section */

/* Begin PBXFileReference section */
		5A373FE92FAC2C5F000F55C2 /* TowerMiner.app */ = {isa = PBXFileReference; explicitFileType = wrapper.application; includeInIndex = 0; path = TowerMiner.app; sourceTree = BUILT_PRODUCTS_DIR; };
		5A373FF82FAC2C60000F55C2 /* TowerMinerTests.xctest */ = {isa = PBXFileReference; explicitFileType = wrapper.cfbundle; includeInIndex = 0; path = TowerMinerTests.xctest; sourceTree = BUILT_PRODUCTS_DIR; };
		5A3740022FAC2C60000F55C2 /* TowerMinerUITests.xctest */ = {isa = PBXFileReference; explicitFileType = wrapper.cfbundle; includeInIndex = 0; path = TowerMinerUITests.xctest; sourceTree = BUILT_PRODUCTS_DIR; };
		5A701BE43023EB010021BE23 /* TowerMinerWidgetExtension.appex */ = {isa = PBXFileReference; explicitFileType = "wrapper.app-extension"; includeInIndex = 0; path = TowerMinerWidgetExtension.appex; sourceTree = BUILT_PRODUCTS_DIR; };
		5A701BE63023EB010021BE23 /* WidgetKit.framework */ = {isa = PBXFileReference; lastKnownFileType = wrapper.framework; name = WidgetKit.framework; path = System/Library/Frameworks/WidgetKit.framework; sourceTree = SDKROOT; };
		5A701BE83023EB010021BE23 /* SwiftUI.framework */ = {isa = PBXFileReference; lastKnownFileType = wrapper.framework; name = SwiftUI.framework; path = System/Library/Frameworks/SwiftUI.framework; sourceTree = SDKROOT; };
		5A8AA83E30253643005630FE /* TowerMinerWidgetExtension.entitlements */ = {isa = PBXFileReference; lastKnownFileType = text.plist.entitlements; path = TowerMinerWidgetExtension.entitlements; sourceTree = "<group>"; };
/* End PBXFileReference section */

/* Begin PBXFileSystemSynchronizedBuildFileExceptionSet section */
		5A701BFA3023EB020021BE23 /* Exceptions for "TowerMinerWidget" folder in "TowerMinerWidgetExtension" target */ = {
			isa = PBXFileSystemSynchronizedBuildFileExceptionSet;
			membershipExceptions = (
				Info.plist,
			);
			target = 5A701BE33023EB010021BE23 /* TowerMinerWidgetExtension */;
		};
/* End PBXFileSystemSynchronizedBuildFileExceptionSet section */

/* Begin PBXFileSystemSynchronizedRootGroup section */
		5A373FEB2FAC2C5F000F55C2 /* TowerMiner */ = {
			isa = PBXFileSystemSynchronizedRootGroup;
			path = TowerMiner;
			sourceTree = "<group>";
		};
		5A373FFB2FAC2C60000F55C2 /* TowerMinerTests */ = {
			isa = PBXFileSystemSynchronizedRootGroup;
			path = TowerMinerTests;
			sourceTree = "<group>";
		};
		5A3740052FAC2C60000F55C2 /* TowerMinerUITests */ = {
			isa = PBXFileSystemSynchronizedRootGroup;
			path = TowerMinerUITests;
			sourceTree = "<group>";
		};
		5A701BEA3023EB010021BE23 /* TowerMinerWidget */ = {
			isa = PBXFileSystemSynchronizedRootGroup;
			exceptions = (
				5A701BFA3023EB020021BE23 /* Exceptions for "TowerMinerWidget" folder in "TowerMinerWidgetExtension" target */,
			);
			path = TowerMinerWidget;
			sourceTree = "<group>";
		};
/* End PBXFileSystemSynchronizedRootGroup section */

/* Begin PBXFrameworksBuildPhase section */
		5A373FE62FAC2C5F000F55C2 /* Frameworks */ = {
			isa = PBXFrameworksBuildPhase;
			buildActionMask = 2147483647;
			files = (
			);
			runOnlyForDeploymentPostprocessing = 0;
		};
		5A373FF52FAC2C60000F55C2 /* Frameworks */ = {
			isa = PBXFrameworksBuildPhase;
			buildActionMask = 2147483647;
			files = (
			);
			runOnlyForDeploymentPostprocessing = 0;
		};
		5A373FFF2FAC2C60000F55C2 /* Frameworks */ = {
			isa = PBXFrameworksBuildPhase;
			buildActionMask = 2147483647;
			files = (
			);
			runOnlyForDeploymentPostprocessing = 0;
		};
		5A701BE13023EB010021BE23 /* Frameworks */ = {
			isa = PBXFrameworksBuildPhase;
			buildActionMask = 2147483647;
			files = (
				5A701BE93023EB010021BE23 /* SwiftUI.framework in Frameworks */,
				5A701BE73023EB010021BE23 /* WidgetKit.framework in Frameworks */,
			);
			runOnlyForDeploymentPostprocessing = 0;
		};
/* End PBXFrameworksBuildPhase section */

/* Begin PBXGroup section */
		5A373FE02FAC2C5F000F55C2 = {
			isa = PBXGroup;
			children = (
				5A8AA83E30253643005630FE /* TowerMinerWidgetExtension.entitlements */,
				5A373FEB2FAC2C5F000F55C2 /* TowerMiner */,
				5A373FFB2FAC2C60000F55C2 /* TowerMinerTests */,
				5A3740052FAC2C60000F55C2 /* TowerMinerUITests */,
				5A701BEA3023EB010021BE23 /* TowerMinerWidget */,
				5A701BE53023EB010021BE23 /* Frameworks */,
				5A373FEA2FAC2C5F000F55C2 /* Products */,
			);
			sourceTree = "<group>";
		};
		5A373FEA2FAC2C5F000F55C2 /* Products */ = {
			isa = PBXGroup;
			children = (
				5A373FE92FAC2C5F000F55C2 /* TowerMiner.app */,
				5A373FF82FAC2C60000F55C2 /* TowerMinerTests.xctest */,
				5A3740022FAC2C60000F55C2 /* TowerMinerUITests.xctest */,
				5A701BE43023EB010021BE23 /* TowerMinerWidgetExtension.appex */,
			);
			name = Products;
			sourceTree = "<group>";
		};
		5A701BE53023EB010021BE23 /* Frameworks */ = {
			isa = PBXGroup;
			children = (
				5A701BE63023EB010021BE23 /* WidgetKit.framework */,
				5A701BE83023EB010021BE23 /* SwiftUI.framework */,
			);
			name = Frameworks;
			sourceTree = "<group>";
		};
/* End PBXGroup section */

/* Begin PBXNativeTarget section */
		5A373FE82FAC2C5F000F55C2 /* TowerMiner */ = {
			isa = PBXNativeTarget;
			buildConfigurationList = 5A37400C2FAC2C60000F55C2 /* Build configuration list for PBXNativeTarget "TowerMiner" */;
			buildPhases = (
				5A373FE52FAC2C5F000F55C2 /* Sources */,
				5A373FE62FAC2C5F000F55C2 /* Frameworks */,
				5A373FE72FAC2C5F000F55C2 /* Resources */,
				5A701BF73023EB020021BE23 /* Embed Foundation Extensions */,
			);
			buildRules = (
			);
			dependencies = (
				5A701BF53023EB020021BE23 /* PBXTargetDependency */,
			);
			fileSystemSynchronizedGroups = (
				5A373FEB2FAC2C5F000F55C2 /* TowerMiner */,
			);
			name = TowerMiner;
			packageProductDependencies = (
			);
			productName = TowerMiner;
			productReference = 5A373FE92FAC2C5F000F55C2 /* TowerMiner.app */;
			productType = "com.apple.product-type.application";
		};
		5A373FF72FAC2C60000F55C2 /* TowerMinerTests */ = {
			isa = PBXNativeTarget;
			buildConfigurationList = 5A37400F2FAC2C60000F55C2 /* Build configuration list for PBXNativeTarget "TowerMinerTests" */;
			buildPhases = (
				5A373FF42FAC2C60000F55C2 /* Sources */,
				5A373FF52FAC2C60000F55C2 /* Frameworks */,
				5A373FF62FAC2C60000F55C2 /* Resources */,
			);
			buildRules = (
			);
			dependencies = (
				5A373FFA2FAC2C60000F55C2 /* PBXTargetDependency */,
			);
			fileSystemSynchronizedGroups = (
				5A373FFB2FAC2C60000F55C2 /* TowerMinerTests */,
			);
			name = TowerMinerTests;
			packageProductDependencies = (
			);
			productName = TowerMinerTests;
			productReference = 5A373FF82FAC2C60000F55C2 /* TowerMinerTests.xctest */;
			productType = "com.apple.product-type.bundle.unit-test";
		};
		5A3740012FAC2C60000F55C2 /* TowerMinerUITests */ = {
			isa = PBXNativeTarget;
			buildConfigurationList = 5A3740122FAC2C60000F55C2 /* Build configuration list for PBXNativeTarget "TowerMinerUITests" */;
			buildPhases = (
				5A373FFE2FAC2C60000F55C2 /* Sources */,
				5A373FFF2FAC2C60000F55C2 /* Frameworks */,
				5A3740002FAC2C60000F55C2 /* Resources */,
			);
			buildRules = (
			);
			dependencies = (
				5A3740042FAC2C60000F55C2 /* PBXTargetDependency */,
			);
			fileSystemSynchronizedGroups = (
				5A3740052FAC2C60000F55C2 /* TowerMinerUITests */,
			);
			name = TowerMinerUITests;
			packageProductDependencies = (
			);
			productName = TowerMinerUITests;
			productReference = 5A3740022FAC2C60000F55C2 /* TowerMinerUITests.xctest */;
			productType = "com.apple.product-type.bundle.ui-testing";
		};
		5A701BE33023EB010021BE23 /* TowerMinerWidgetExtension */ = {
			isa = PBXNativeTarget;
			buildConfigurationList = 5A701BFB3023EB020021BE23 /* Build configuration list for PBXNativeTarget "TowerMinerWidgetExtension" */;
			buildPhases = (
				5A701BE03023EB010021BE23 /* Sources */,
				5A701BE13023EB010021BE23 /* Frameworks */,
				5A701BE23023EB010021BE23 /* Resources */,
			);
			buildRules = (
			);
			dependencies = (
			);
			fileSystemSynchronizedGroups = (
				5A701BEA3023EB010021BE23 /* TowerMinerWidget */,
			);
			name = TowerMinerWidgetExtension;
			packageProductDependencies = (
			);
			productName = TowerMinerWidgetExtension;
			productReference = 5A701BE43023EB010021BE23 /* TowerMinerWidgetExtension.appex */;
			productType = "com.apple.product-type.app-extension";
		};
/* End PBXNativeTarget section */

/* Begin PBXProject section */
		5A373FE12FAC2C5F000F55C2 /* Project object */ = {
			isa = PBXProject;
			attributes = {
				BuildIndependentTargetsInParallel = 1;
				LastSwiftUpdateCheck = 2660;
				LastUpgradeCheck = 2640;
				TargetAttributes = {
					5A373FE82FAC2C5F000F55C2 = {
						CreatedOnToolsVersion = 26.4.1;
					};
					5A373FF72FAC2C60000F55C2 = {
						CreatedOnToolsVersion = 26.4.1;
						TestTargetID = 5A373FE82FAC2C5F000F55C2;
					};
					5A3740012FAC2C60000F55C2 = {
						CreatedOnToolsVersion = 26.4.1;
						TestTargetID = 5A373FE82FAC2C5F000F55C2;
					};
					5A701BE33023EB010021BE23 = {
						CreatedOnToolsVersion = 26.6;
					};
				};
			};
			buildConfigurationList = 5A373FE42FAC2C5F000F55C2 /* Build configuration list for PBXProject "TowerMiner" */;
			developmentRegion = en;
			hasScannedForEncodings = 0;
			knownRegions = (
				en,
				Base,
			);
			mainGroup = 5A373FE02FAC2C5F000F55C2;
			minimizedProjectReferenceProxies = 1;
			preferredProjectObjectVersion = 77;
			productRefGroup = 5A373FEA2FAC2C5F000F55C2 /* Products */;
			projectDirPath = "";
			projectRoot = "";
			targets = (
				5A373FE82FAC2C5F000F55C2 /* TowerMiner */,
				5A373FF72FAC2C60000F55C2 /* TowerMinerTests */,
				5A3740012FAC2C60000F55C2 /* TowerMinerUITests */,
				5A701BE33023EB010021BE23 /* TowerMinerWidgetExtension */,
			);
		};
/* End PBXProject section */

/* Begin PBXResourcesBuildPhase section */
		5A373FE72FAC2C5F000F55C2 /* Resources */ = {
			isa = PBXResourcesBuildPhase;
			buildActionMask = 2147483647;
			files = (
			);
			runOnlyForDeploymentPostprocessing = 0;
		};
		5A373FF62FAC2C60000F55C2 /* Resources */ = {
			isa = PBXResourcesBuildPhase;
			buildActionMask = 2147483647;
			files = (
			);
			runOnlyForDeploymentPostprocessing = 0;
		};
		5A3740002FAC2C60000F55C2 /* Resources */ = {
			isa = PBXResourcesBuildPhase;
			buildActionMask = 2147483647;
			files = (
			);
			runOnlyForDeploymentPostprocessing = 0;
		};
		5A701BE23023EB010021BE23 /* Resources */ = {
			isa = PBXResourcesBuildPhase;
			buildActionMask = 2147483647;
			files = (
			);
			runOnlyForDeploymentPostprocessing = 0;
		};
/* End PBXResourcesBuildPhase section */

/* Begin PBXSourcesBuildPhase section */
		5A373FE52FAC2C5F000F55C2 /* Sources */ = {
			isa = PBXSourcesBuildPhase;
			buildActionMask = 2147483647;
			files = (
			);
			runOnlyForDeploymentPostprocessing = 0;
		};
		5A373FF42FAC2C60000F55C2 /* Sources */ = {
			isa = PBXSourcesBuildPhase;
			buildActionMask = 2147483647;
			files = (
			);
			runOnlyForDeploymentPostprocessing = 0;
		};
		5A373FFE2FAC2C60000F55C2 /* Sources */ = {
			isa = PBXSourcesBuildPhase;
			buildActionMask = 2147483647;
			files = (
			);
			runOnlyForDeploymentPostprocessing = 0;
		};
		5A701BE03023EB010021BE23 /* Sources */ = {
			isa = PBXSourcesBuildPhase;
			buildActionMask = 2147483647;
			files = (
			);
			runOnlyForDeploymentPostprocessing = 0;
		};
/* End PBXSourcesBuildPhase section */

/* Begin PBXTargetDependency section */
		5A373FFA2FAC2C60000F55C2 /* PBXTargetDependency */ = {
			isa = PBXTargetDependency;
			target = 5A373FE82FAC2C5F000F55C2 /* TowerMiner */;
			targetProxy = 5A373FF92FAC2C60000F55C2 /* PBXContainerItemProxy */;
		};
		5A3740042FAC2C60000F55C2 /* PBXTargetDependency */ = {
			isa = PBXTargetDependency;
			target = 5A373FE82FAC2C5F000F55C2 /* TowerMiner */;
			targetProxy = 5A3740032FAC2C60000F55C2 /* PBXContainerItemProxy */;
		};
		5A701BF53023EB020021BE23 /* PBXTargetDependency */ = {
			isa = PBXTargetDependency;
			target = 5A701BE33023EB010021BE23 /* TowerMinerWidgetExtension */;
			targetProxy = 5A701BF43023EB020021BE23 /* PBXContainerItemProxy */;
		};
/* End PBXTargetDependency section */

/* Begin XCBuildConfiguration section */
		5A37400A2FAC2C60000F55C2 /* Debug */ = {
			isa = XCBuildConfiguration;
			buildSettings = {
				ALWAYS_SEARCH_USER_PATHS = NO;
				ASSETCATALOG_COMPILER_GENERATE_SWIFT_ASSET_SYMBOL_EXTENSIONS = YES;
				CLANG_ANALYZER_NONNULL = YES;
				CLANG_ANALYZER_NUMBER_OBJECT_CONVERSION = YES_AGGRESSIVE;
				CLANG_CXX_LANGUAGE_STANDARD = "gnu++20";
				CLANG_ENABLE_MODULES = YES;
				CLANG_ENABLE_OBJC_ARC = YES;
				CLANG_ENABLE_OBJC_WEAK = YES;
				CLANG_WARN_BLOCK_CAPTURE_AUTORELEASING = YES;
				CLANG_WARN_BOOL_CONVERSION = YES;
				CLANG_WARN_COMMA = YES;
				CLANG_WARN_CONSTANT_CONVERSION = YES;
				CLANG_WARN_DEPRECATED_OBJC_IMPLEMENTATIONS = YES;
				CLANG_WARN_DIRECT_OBJC_ISA_USAGE = YES_ERROR;
				CLANG_WARN_DOCUMENTATION_COMMENTS = YES;
				CLANG_WARN_EMPTY_BODY = YES;
				CLANG_WARN_ENUM_CONVERSION = YES;
				CLANG_WARN_INFINITE_RECURSION = YES;
				CLANG_WARN_INT_CONVERSION = YES;
				CLANG_WARN_NON_LITERAL_NULL_CONVERSION = YES;
				CLANG_WARN_OBJC_IMPLICIT_RETAIN_SELF = YES;
				CLANG_WARN_OBJC_LITERAL_CONVERSION = YES;
				CLANG_WARN_OBJC_ROOT_CLASS = YES_ERROR;
				CLANG_WARN_QUOTED_INCLUDE_IN_FRAMEWORK_HEADER = YES;
				CLANG_WARN_RANGE_LOOP_ANALYSIS = YES;
				CLANG_WARN_STRICT_PROTOTYPES = YES;
				CLANG_WARN_SUSPICIOUS_MOVE = YES;
				CLANG_WARN_UNGUARDED_AVAILABILITY = YES_AGGRESSIVE;
				CLANG_WARN_UNREACHABLE_CODE = YES;
				CLANG_WARN__DUPLICATE_METHOD_MATCH = YES;
				COPY_PHASE_STRIP = NO;
				DEBUG_INFORMATION_FORMAT = dwarf;
				DEVELOPMENT_TEAM = 6PS3DV33C4;
				ENABLE_STRICT_OBJC_MSGSEND = YES;
				ENABLE_TESTABILITY = YES;
				ENABLE_USER_SCRIPT_SANDBOXING = YES;
				GCC_C_LANGUAGE_STANDARD = gnu17;
				GCC_DYNAMIC_NO_PIC = NO;
				GCC_NO_COMMON_BLOCKS = YES;
				GCC_OPTIMIZATION_LEVEL = 0;
				GCC_PREPROCESSOR_DEFINITIONS = (
					"DEBUG=1",
					"$(inherited)",
				);
				GCC_WARN_64_TO_32_BIT_CONVERSION = YES;
				GCC_WARN_ABOUT_RETURN_TYPE = YES_ERROR;
				GCC_WARN_UNDECLARED_SELECTOR = YES;
				GCC_WARN_UNINITIALIZED_AUTOS = YES_AGGRESSIVE;
				GCC_WARN_UNUSED_FUNCTION = YES;
				GCC_WARN_UNUSED_VARIABLE = YES;
				IPHONEOS_DEPLOYMENT_TARGET = 26.4;
				LOCALIZATION_PREFERS_STRING_CATALOGS = YES;
				MTL_ENABLE_DEBUG_INFO = INCLUDE_SOURCE;
				MTL_FAST_MATH = YES;
				ONLY_ACTIVE_ARCH = YES;
				SDKROOT = iphoneos;
				SWIFT_ACTIVE_COMPILATION_CONDITIONS = "DEBUG $(inherited)";
				SWIFT_OPTIMIZATION_LEVEL = "-Onone";
			};
			name = Debug;
		};
		5A37400B2FAC2C60000F55C2 /* Release */ = {
			isa = XCBuildConfiguration;
			buildSettings = {
				ALWAYS_SEARCH_USER_PATHS = NO;
				ASSETCATALOG_COMPILER_GENERATE_SWIFT_ASSET_SYMBOL_EXTENSIONS = YES;
				CLANG_ANALYZER_NONNULL = YES;
				CLANG_ANALYZER_NUMBER_OBJECT_CONVERSION = YES_AGGRESSIVE;
				CLANG_CXX_LANGUAGE_STANDARD = "gnu++20";
				CLANG_ENABLE_MODULES = YES;
				CLANG_ENABLE_OBJC_ARC = YES;
				CLANG_ENABLE_OBJC_WEAK = YES;
				CLANG_WARN_BLOCK_CAPTURE_AUTORELEASING = YES;
				CLANG_WARN_BOOL_CONVERSION = YES;
				CLANG_WARN_COMMA = YES;
				CLANG_WARN_CONSTANT_CONVERSION = YES;
				CLANG_WARN_DEPRECATED_OBJC_IMPLEMENTATIONS = YES;
				CLANG_WARN_DIRECT_OBJC_ISA_USAGE = YES_ERROR;
				CLANG_WARN_DOCUMENTATION_COMMENTS = YES;
				CLANG_WARN_EMPTY_BODY = YES;
				CLANG_WARN_ENUM_CONVERSION = YES;
				CLANG_WARN_INFINITE_RECURSION = YES;
				CLANG_WARN_INT_CONVERSION = YES;
				CLANG_WARN_NON_LITERAL_NULL_CONVERSION = YES;
				CLANG_WARN_OBJC_IMPLICIT_RETAIN_SELF = YES;
				CLANG_WARN_OBJC_LITERAL_CONVERSION = YES;
				CLANG_WARN_OBJC_ROOT_CLASS = YES_ERROR;
				CLANG_WARN_QUOTED_INCLUDE_IN_FRAMEWORK_HEADER = YES;
				CLANG_WARN_RANGE_LOOP_ANALYSIS = YES;
				CLANG_WARN_STRICT_PROTOTYPES = YES;
				CLANG_WARN_SUSPICIOUS_MOVE = YES;
				CLANG_WARN_UNGUARDED_AVAILABILITY = YES_AGGRESSIVE;
				CLANG_WARN_UNREACHABLE_CODE = YES;
				CLANG_WARN__DUPLICATE_METHOD_MATCH = YES;
				COPY_PHASE_STRIP = NO;
				DEBUG_INFORMATION_FORMAT = "dwarf-with-dsym";
				DEVELOPMENT_TEAM = 6PS3DV33C4;
				ENABLE_NS_ASSERTIONS = NO;
				ENABLE_STRICT_OBJC_MSGSEND = YES;
				ENABLE_USER_SCRIPT_SANDBOXING = YES;
				GCC_C_LANGUAGE_STANDARD = gnu17;
				GCC_NO_COMMON_BLOCKS = YES;
				GCC_WARN_64_TO_32_BIT_CONVERSION = YES;
				GCC_WARN_ABOUT_RETURN_TYPE = YES_ERROR;
				GCC_WARN_UNDECLARED_SELECTOR = YES;
				GCC_WARN_UNINITIALIZED_AUTOS = YES_AGGRESSIVE;
				GCC_WARN_UNUSED_FUNCTION = YES;
				GCC_WARN_UNUSED_VARIABLE = YES;
				IPHONEOS_DEPLOYMENT_TARGET = 26.4;
				LOCALIZATION_PREFERS_STRING_CATALOGS = YES;
				MTL_ENABLE_DEBUG_INFO = NO;
				MTL_FAST_MATH = YES;
				SDKROOT = iphoneos;
				SWIFT_COMPILATION_MODE = wholemodule;
				VALIDATE_PRODUCT = YES;
			};
			name = Release;
		};
		5A37400D2FAC2C60000F55C2 /* Debug */ = {
			isa = XCBuildConfiguration;
			buildSettings = {
				ASSETCATALOG_COMPILER_APPICON_NAME = AppIcon;
				ASSETCATALOG_COMPILER_GLOBAL_ACCENT_COLOR_NAME = AccentColor;
				CODE_SIGN_ENTITLEMENTS = TowerMiner/TowerMiner.entitlements;
				CODE_SIGN_STYLE = Automatic;
				CURRENT_PROJECT_VERSION = 1;
				DEVELOPMENT_TEAM = 6PS3DV33C4;
				ENABLE_PREVIEWS = YES;
				GENERATE_INFOPLIST_FILE = YES;
				INFOPLIST_KEY_UIApplicationSceneManifest_Generation = YES;
				INFOPLIST_KEY_UIApplicationSupportsIndirectInputEvents = YES;
				INFOPLIST_KEY_UILaunchScreen_Generation = YES;
				INFOPLIST_KEY_UISupportedInterfaceOrientations = "UIInterfaceOrientationPortrait UIInterfaceOrientationPortraitUpsideDown";
				INFOPLIST_KEY_UISupportedInterfaceOrientations_iPad = "UIInterfaceOrientationLandscapeLeft UIInterfaceOrientationLandscapeRight UIInterfaceOrientationPortrait UIInterfaceOrientationPortraitUpsideDown";
				IPHONEOS_DEPLOYMENT_TARGET = 17.6;
				LD_RUNPATH_SEARCH_PATHS = (
					"$(inherited)",
					"@executable_path/Frameworks",
				);
				MARKETING_VERSION = 1.2;
				PRODUCT_BUNDLE_IDENTIFIER = tower.miner.au.TowerMiner;
				PRODUCT_NAME = "$(TARGET_NAME)";
				STRING_CATALOG_GENERATE_SYMBOLS = YES;
				SWIFT_APPROACHABLE_CONCURRENCY = YES;
				SWIFT_DEFAULT_ACTOR_ISOLATION = MainActor;
				SWIFT_EMIT_LOC_STRINGS = YES;
				SWIFT_UPCOMING_FEATURE_MEMBER_IMPORT_VISIBILITY = YES;
				SWIFT_VERSION = 5.0;
				TARGETED_DEVICE_FAMILY = "1,2";
			};
			name = Debug;
		};
		5A37400E2FAC2C60000F55C2 /* Release */ = {
			isa = XCBuildConfiguration;
			buildSettings = {
				ASSETCATALOG_COMPILER_APPICON_NAME = AppIcon;
				ASSETCATALOG_COMPILER_GLOBAL_ACCENT_COLOR_NAME = AccentColor;
				CODE_SIGN_ENTITLEMENTS = TowerMiner/TowerMiner.entitlements;
				CODE_SIGN_STYLE = Automatic;
				CURRENT_PROJECT_VERSION = 1;
				DEVELOPMENT_TEAM = 6PS3DV33C4;
				ENABLE_PREVIEWS = YES;
				GENERATE_INFOPLIST_FILE = YES;
				INFOPLIST_KEY_UIApplicationSceneManifest_Generation = YES;
				INFOPLIST_KEY_UIApplicationSupportsIndirectInputEvents = YES;
				INFOPLIST_KEY_UILaunchScreen_Generation = YES;
				INFOPLIST_KEY_UISupportedInterfaceOrientations = "UIInterfaceOrientationPortrait UIInterfaceOrientationPortraitUpsideDown";
				INFOPLIST_KEY_UISupportedInterfaceOrientations_iPad = "UIInterfaceOrientationLandscapeLeft UIInterfaceOrientationLandscapeRight UIInterfaceOrientationPortrait UIInterfaceOrientationPortraitUpsideDown";
				IPHONEOS_DEPLOYMENT_TARGET = 17.6;
				LD_RUNPATH_SEARCH_PATHS = (
					"$(inherited)",
					"@executable_path/Frameworks",
				);
				MARKETING_VERSION = 1.2;
				PRODUCT_BUNDLE_IDENTIFIER = tower.miner.au.TowerMiner;
				PRODUCT_NAME = "$(TARGET_NAME)";
				STRING_CATALOG_GENERATE_SYMBOLS = YES;
				SWIFT_APPROACHABLE_CONCURRENCY = YES;
				SWIFT_DEFAULT_ACTOR_ISOLATION = MainActor;
				SWIFT_EMIT_LOC_STRINGS = YES;
				SWIFT_UPCOMING_FEATURE_MEMBER_IMPORT_VISIBILITY = YES;
				SWIFT_VERSION = 5.0;
				TARGETED_DEVICE_FAMILY = "1,2";
			};
			name = Release;
		};
		5A3740102FAC2C60000F55C2 /* Debug */ = {
			isa = XCBuildConfiguration;
			buildSettings = {
				BUNDLE_LOADER = "$(TEST_HOST)";
				CODE_SIGN_STYLE = Automatic;
				CURRENT_PROJECT_VERSION = 1;
				DEVELOPMENT_TEAM = 6PS3DV33C4;
				GENERATE_INFOPLIST_FILE = YES;
				IPHONEOS_DEPLOYMENT_TARGET = 17.6;
				MARKETING_VERSION = 1.0;
				PRODUCT_BUNDLE_IDENTIFIER = tower.miner.au.TowerMinerTests;
				PRODUCT_NAME = "$(TARGET_NAME)";
				STRING_CATALOG_GENERATE_SYMBOLS = NO;
				SWIFT_APPROACHABLE_CONCURRENCY = YES;
				SWIFT_EMIT_LOC_STRINGS = NO;
				SWIFT_UPCOMING_FEATURE_MEMBER_IMPORT_VISIBILITY = YES;
				SWIFT_VERSION = 5.0;
				TARGETED_DEVICE_FAMILY = "1,2";
				TEST_HOST = "$(BUILT_PRODUCTS_DIR)/TowerMiner.app/$(BUNDLE_EXECUTABLE_FOLDER_PATH)/TowerMiner";
			};
			name = Debug;
		};
		5A3740112FAC2C60000F55C2 /* Release */ = {
			isa = XCBuildConfiguration;
			buildSettings = {
				BUNDLE_LOADER = "$(TEST_HOST)";
				CODE_SIGN_STYLE = Automatic;
				CURRENT_PROJECT_VERSION = 1;
				DEVELOPMENT_TEAM = 6PS3DV33C4;
				GENERATE_INFOPLIST_FILE = YES;
				IPHONEOS_DEPLOYMENT_TARGET = 17.6;
				MARKETING_VERSION = 1.0;
				PRODUCT_BUNDLE_IDENTIFIER = tower.miner.au.TowerMinerTests;
				PRODUCT_NAME = "$(TARGET_NAME)";
				STRING_CATALOG_GENERATE_SYMBOLS = NO;
				SWIFT_APPROACHABLE_CONCURRENCY = YES;
				SWIFT_EMIT_LOC_STRINGS = NO;
				SWIFT_UPCOMING_FEATURE_MEMBER_IMPORT_VISIBILITY = YES;
				SWIFT_VERSION = 5.0;
				TARGETED_DEVICE_FAMILY = "1,2";
				TEST_HOST = "$(BUILT_PRODUCTS_DIR)/TowerMiner.app/$(BUNDLE_EXECUTABLE_FOLDER_PATH)/TowerMiner";
			};
			name = Release;
		};
		5A3740132FAC2C60000F55C2 /* Debug */ = {
			isa = XCBuildConfiguration;
			buildSettings = {
				CODE_SIGN_STYLE = Automatic;
				CURRENT_PROJECT_VERSION = 1;
				DEVELOPMENT_TEAM = 6PS3DV33C4;
				GENERATE_INFOPLIST_FILE = YES;
				IPHONEOS_DEPLOYMENT_TARGET = 17.6;
				MARKETING_VERSION = 1.0;
				PRODUCT_BUNDLE_IDENTIFIER = tower.miner.au.TowerMinerUITests;
				PRODUCT_NAME = "$(TARGET_NAME)";
				STRING_CATALOG_GENERATE_SYMBOLS = NO;
				SWIFT_APPROACHABLE_CONCURRENCY = YES;
				SWIFT_EMIT_LOC_STRINGS = NO;
				SWIFT_UPCOMING_FEATURE_MEMBER_IMPORT_VISIBILITY = YES;
				SWIFT_VERSION = 5.0;
				TARGETED_DEVICE_FAMILY = "1,2";
				TEST_TARGET_NAME = TowerMiner;
			};
			name = Debug;
		};
		5A3740142FAC2C60000F55C2 /* Release */ = {
			isa = XCBuildConfiguration;
			buildSettings = {
				CODE_SIGN_STYLE = Automatic;
				CURRENT_PROJECT_VERSION = 1;
				DEVELOPMENT_TEAM = 6PS3DV33C4;
				GENERATE_INFOPLIST_FILE = YES;
				IPHONEOS_DEPLOYMENT_TARGET = 17.6;
				MARKETING_VERSION = 1.0;
				PRODUCT_BUNDLE_IDENTIFIER = tower.miner.au.TowerMinerUITests;
				PRODUCT_NAME = "$(TARGET_NAME)";
				STRING_CATALOG_GENERATE_SYMBOLS = NO;
				SWIFT_APPROACHABLE_CONCURRENCY = YES;
				SWIFT_EMIT_LOC_STRINGS = NO;
				SWIFT_UPCOMING_FEATURE_MEMBER_IMPORT_VISIBILITY = YES;
				SWIFT_VERSION = 5.0;
				TARGETED_DEVICE_FAMILY = "1,2";
				TEST_TARGET_NAME = TowerMiner;
			};
			name = Release;
		};
		5A701BF83023EB020021BE23 /* Debug */ = {
			isa = XCBuildConfiguration;
			buildSettings = {
				ASSETCATALOG_COMPILER_GLOBAL_ACCENT_COLOR_NAME = AccentColor;
				ASSETCATALOG_COMPILER_WIDGET_BACKGROUND_COLOR_NAME = WidgetBackground;
				CODE_SIGN_ENTITLEMENTS = TowerMinerWidgetExtension.entitlements;
				CODE_SIGN_STYLE = Automatic;
				CURRENT_PROJECT_VERSION = 1;
				DEVELOPMENT_TEAM = 6PS3DV33C4;
				GENERATE_INFOPLIST_FILE = YES;
				INFOPLIST_FILE = TowerMinerWidget/Info.plist;
				INFOPLIST_KEY_CFBundleDisplayName = TowerMinerWidget;
				INFOPLIST_KEY_NSHumanReadableCopyright = "";
				IPHONEOS_DEPLOYMENT_TARGET = 26.5;
				LD_RUNPATH_SEARCH_PATHS = (
					"$(inherited)",
					"@executable_path/Frameworks",
					"@executable_path/../../Frameworks",
				);
				MARKETING_VERSION = 1.0;
				PRODUCT_BUNDLE_IDENTIFIER = tower.miner.au.TowerMiner.TowerMinerWidget;
				PRODUCT_NAME = "$(TARGET_NAME)";
				SKIP_INSTALL = YES;
				STRING_CATALOG_GENERATE_SYMBOLS = YES;
				SWIFT_APPROACHABLE_CONCURRENCY = YES;
				SWIFT_EMIT_LOC_STRINGS = YES;
				SWIFT_UPCOMING_FEATURE_MEMBER_IMPORT_VISIBILITY = YES;
				SWIFT_VERSION = 5.0;
				TARGETED_DEVICE_FAMILY = "1,2";
			};
			name = Debug;
		};
		5A701BF93023EB020021BE23 /* Release */ = {
			isa = XCBuildConfiguration;
			buildSettings = {
				ASSETCATALOG_COMPILER_GLOBAL_ACCENT_COLOR_NAME = AccentColor;
				ASSETCATALOG_COMPILER_WIDGET_BACKGROUND_COLOR_NAME = WidgetBackground;
				CODE_SIGN_ENTITLEMENTS = TowerMinerWidgetExtension.entitlements;
				CODE_SIGN_STYLE = Automatic;
				CURRENT_PROJECT_VERSION = 1;
				DEVELOPMENT_TEAM = 6PS3DV33C4;
				GENERATE_INFOPLIST_FILE = YES;
				INFOPLIST_FILE = TowerMinerWidget/Info.plist;
				INFOPLIST_KEY_CFBundleDisplayName = TowerMinerWidget;
				INFOPLIST_KEY_NSHumanReadableCopyright = "";
				IPHONEOS_DEPLOYMENT_TARGET = 26.5;
				LD_RUNPATH_SEARCH_PATHS = (
					"$(inherited)",
					"@executable_path/Frameworks",
					"@executable_path/../../Frameworks",
				);
				MARKETING_VERSION = 1.0;
				PRODUCT_BUNDLE_IDENTIFIER = tower.miner.au.TowerMiner.TowerMinerWidget;
				PRODUCT_NAME = "$(TARGET_NAME)";
				SKIP_INSTALL = YES;
				STRING_CATALOG_GENERATE_SYMBOLS = YES;
				SWIFT_APPROACHABLE_CONCURRENCY = YES;
				SWIFT_EMIT_LOC_STRINGS = YES;
				SWIFT_UPCOMING_FEATURE_MEMBER_IMPORT_VISIBILITY = YES;
				SWIFT_VERSION = 5.0;
				TARGETED_DEVICE_FAMILY = "1,2";
			};
			name = Release;
		};
/* End XCBuildConfiguration section */

/* Begin XCConfigurationList section */
		5A373FE42FAC2C5F000F55C2 /* Build configuration list for PBXProject "TowerMiner" */ = {
			isa = XCConfigurationList;
			buildConfigurations = (
				5A37400A2FAC2C60000F55C2 /* Debug */,
				5A37400B2FAC2C60000F55C2 /* Release */,
			);
			defaultConfigurationIsVisible = 0;
			defaultConfigurationName = Release;
		};
		5A37400C2FAC2C60000F55C2 /* Build configuration list for PBXNativeTarget "TowerMiner" */ = {
			isa = XCConfigurationList;
			buildConfigurations = (
				5A37400D2FAC2C60000F55C2 /* Debug */,
				5A37400E2FAC2C60000F55C2 /* Release */,
			);
			defaultConfigurationIsVisible = 0;
			defaultConfigurationName = Release;
		};
		5A37400F2FAC2C60000F55C2 /* Build configuration list for PBXNativeTarget "TowerMinerTests" */ = {
			isa = XCConfigurationList;
			buildConfigurations = (
				5A3740102FAC2C60000F55C2 /* Debug */,
				5A3740112FAC2C60000F55C2 /* Release */,
			);
			defaultConfigurationIsVisible = 0;
			defaultConfigurationName = Release;
		};
		5A3740122FAC2C60000F55C2 /* Build configuration list for PBXNativeTarget "TowerMinerUITests" */ = {
			isa = XCConfigurationList;
			buildConfigurations = (
				5A3740132FAC2C60000F55C2 /* Debug */,
				5A3740142FAC2C60000F55C2 /* Release */,
			);
			defaultConfigurationIsVisible = 0;
			defaultConfigurationName = Release;
		};
		5A701BFB3023EB020021BE23 /* Build configuration list for PBXNativeTarget "TowerMinerWidgetExtension" */ = {
			isa = XCConfigurationList;
			buildConfigurations = (
				5A701BF83023EB020021BE23 /* Debug */,
				5A701BF93023EB020021BE23 /* Release */,
			);
			defaultConfigurationIsVisible = 0;
			defaultConfigurationName = Release;
		};
/* End XCConfigurationList section */
	};
	rootObject = 5A373FE12FAC2C5F000F55C2 /* Project object */;
}
